
Microsoft Visual Studio Solution File, Format Version 12.00
# Visual Studio 2013
VisualStudioVersion = 12.0.40629.0
MinimumVisualStudioVersion = 10.0.40219.1
Project("{FAE04EC0-301F-11D3-BF4B-00C04F79EFBC}") = "WCFStreamingServiceAndClientApi", "WCFStreamingServiceAndClientApi\WCFStreamingServiceAndClientApi.csproj", "{09C6E6DC-AFF9-481A-8FC5-7D5C17139D44}"
EndProject
Project("{FAE04EC0-301F-11D3-BF4B-00C04F79EFBC}") = "WCFStreamingServerConsole", "WCFStreamingServerConsole\WCFStreamingServerConsole.csproj", "{2B59BC62-280A-4415-9E06-7ECFC0CE371E}"
EndProject
Project("{FAE04EC0-301F-11D3-BF4B-00C04F79EFBC}") = "WCFStreamingServer", "WCFStreamingServer\WCFStreamingServer.csproj", "{93EC7D38-2B31-4F3A-92DF-0E7ED4C4CE24}"
EndProject
Project("{2150E333-8FDC-42A3-9474-1A3956D46DE8}") = "StreamingField", "StreamingField", "{AD61CEF0-CF86-41C7-9987-9DADEC28CFBF}"
EndProject
Project("{FAE04EC0-301F-11D3-BF4B-00C04F79EFBC}") = "FieldServerService", "WCFStreamingField\WCStreamingFieldServerService\FieldServerService.csproj", "{FEDC101F-A455-4F13-84AA-59278725A44B}"
EndProject
Project("{FAE04EC0-301F-11D3-BF4B-00C04F79EFBC}") = "WCFStreamingFieldConsoleApp", "WCFStreamingField\WCFStreamingFieldConsoleApp\WCFStreamingFieldConsoleApp.csproj", "{EB94A293-ECBE-445D-9AA0-04934C691B58}"
EndProject
Project("{FAE04EC0-301F-11D3-BF4B-00C04F79EFBC}") = "WCFStreamingClient", "WCFStreamingField\WCFStreamingClient\WCFStreamingClient.csproj", "{F0A43041-D5FF-4182-9865-6BCA888BDC29}"
EndProject
Project("{FAE04EC0-301F-11D3-BF4B-00C04F79EFBC}") = "WCFFileRepositoryFieldClient", "WCFStreamingField\WCFFileRepositoryFieldClient\WCFFileRepositoryFieldClient.csproj", "{A9420FFA-F3AE-4204-BCBB-EA4654AA51C7}"
EndProject
Project("{FAE04EC0-301F-11D3-BF4B-00C04F79EFBC}") = "FileServerWinClientLib", "WCFStreamingField\FileServerWinClientLib\FileServerWinClientLib.csproj", "{2259C17C-898A-4FB1-863A-FAE734A10CBE}"
EndProject
Project("{2150E333-8FDC-42A3-9474-1A3956D46DE8}") = "Installer", "Installer", "{9351A119-0358-4BD9-8338-9EEECA4A64DE}"
EndProject
Project("{FAE04EC0-301F-11D3-BF4B-00C04F79EFBC}") = "BuildWCFStreamingFieldApp", "WCFStreamingField\Installer\BuildWCFStreamingFieldApp\BuildWCFStreamingFieldApp.csproj", "{F8DE84A7-111F-411A-8067-ED213BE2F46B}"
EndProject
Project("{FAE04EC0-301F-11D3-BF4B-00C04F79EFBC}") = "CompressWCFStreamingFieldServiceFiles", "WCFStreamingField\Installer\CompressWCFStreamingFieldServiceFiles\CompressWCFStreamingFieldServiceFiles.csproj", "{C2F1C65B-49AC-46AD-892C-AECA9AD9E1BB}"
EndProject
Project("{FAE04EC0-301F-11D3-BF4B-00C04F79EFBC}") = "WCFStreamingFieldInstaller", "WCFStreamingField\Installer\WCFStreamingFieldInstaller\WCFStreamingFieldInstaller.csproj", "{690E0F09-1D4F-41D0-A18E-F4A4F413D62D}"
EndProject
Project("{2150E333-8FDC-42A3-9474-1A3956D46DE8}") = "StreamingBase", "StreamingBase", "{220A0B5E-D9BA-4D21-BA33-C16BD5A97FF5}"
EndProject
Project("{FAE04EC0-301F-11D3-BF4B-00C04F79EFBC}") = "WCFStreamingBaseConsoleApp", "WCFStreamingBase\WCFStreamingBaseConsoleApp\WCFStreamingBaseConsoleApp.csproj", "{0786A517-B817-49D4-877B-7065060A502A}"
EndProject
Project("{FAE04EC0-301F-11D3-BF4B-00C04F79EFBC}") = "WCFStreamingBaseApi", "WCFStreamingBase\WCFStreamingBaseApi\WCFStreamingBaseApi\WCFStreamingBaseApi.csproj", "{0C6C507B-40B7-4AAD-84FA-6D9D991533AA}"
EndProject
Project("{2150E333-8FDC-42A3-9474-1A3956D46DE8}") = "Installer", "Installer", "{98353817-10FE-444C-8D57-1C42510FAF25}"
EndProject
Project("{FAE04EC0-301F-11D3-BF4B-00C04F79EFBC}") = "WCFStreamingServerInstaller", "WCFStreamingBase\Installer\WCFStreamingServerInstaller\WCFStreamingServerInstaller.csproj", "{32AC06C5-C2BD-41F1-93F4-942EC214A164}"
EndProject
Project("{FAE04EC0-301F-11D3-BF4B-00C04F79EFBC}") = "WCFStreamingServerCompressFiles", "WCFStreamingBase\Installer\WCFStreamingServerCompressFiles\WCFStreamingServerCompressFiles.csproj", "{4BC14186-87DB-4787-9ADB-D57616A51D64}"
EndProject
Project("{FAE04EC0-301F-11D3-BF4B-00C04F79EFBC}") = "WCFStreamingServerCompressApp", "WCFStreamingBase\Installer\WCFStreamingServerCompressApp\WCFStreamingServerCompressApp.csproj", "{93BE3570-3310-47A1-AC96-57F5B7A76C96}"
EndProject
Project("{2150E333-8FDC-42A3-9474-1A3956D46DE8}") = "WCFCommunication", "WCFCommunication", "{F065D739-7418-4A13-BAFF-D8B3689C10D4}"
EndProject
Project("{FAE04EC0-301F-11D3-BF4B-00C04F79EFBC}") = "WCFService", "WCFCommunication\WCFService\WCFService.csproj", "{7C0F987C-4362-472A-B200-D62C862CCDF0}"
EndProject
Project("{FAE04EC0-301F-11D3-BF4B-00C04F79EFBC}") = "WCFClient", "WCFCommunication\WCFClient\WCFClient.csproj", "{6270C15A-E690-49D4-8013-8830CB757A12}"
EndProject
Project("{FAE04EC0-301F-11D3-BF4B-00C04F79EFBC}") = "ServiceLibrary", "WCFCommunication\ServiceLibrary\ServiceLibrary.csproj", "{FC89C8C6-A1F4-4A17-A05B-83BAF9F6B471}"
EndProject
Project("{FAE04EC0-301F-11D3-BF4B-00C04F79EFBC}") = "OnFieldStorageManagmentApp", "OnFieldStorageManagmentApp\OnFieldStorageManagmentApp.csproj", "{AD7FBDFF-DD45-416E-9698-D1AB480D5C5C}"
EndProject
Project("{FAE04EC0-301F-11D3-BF4B-00C04F79EFBC}") = "FileServerWinClientLib", "FileServerWinClientLib\FileServerWinClientLib.csproj", "{FD3FF9F9-1664-40EA-8218-BF2D71D69C05}"
EndProject
Project("{FAE04EC0-301F-11D3-BF4B-00C04F79EFBC}") = "FileServerWinClient", "FileServerWinClient\FileServerWinClient.csproj", "{F8D1C67D-A31D-4E16-B831-14180316AA67}"
EndProject
Project("{FAE04EC0-301F-11D3-BF4B-00C04F79EFBC}") = "FileServer.Services", "FileServer.Services\FileServer.Services.csproj", "{0357B25D-7F29-4CBD-930B-5571D15B9969}"
EndProject
Project("{FAE04EC0-301F-11D3-BF4B-00C04F79EFBC}") = "FileServer", "FileServer\FileServer.csproj", "{84BBED6F-3F3D-475D-85D7-0779BBE69450}"
EndProject
Project("{2150E333-8FDC-42A3-9474-1A3956D46DE8}") = "DropBoxService", "DropBoxService", "{3967883E-9F5E-4A65-AC38-5418C3F9C3B8}"
EndProject
Project("{FAE04EC0-301F-11D3-BF4B-00C04F79EFBC}") = "DropBoxService", "DropBoxService\DropBoxService.csproj", "{A6518FA4-7036-4A21-9946-5AA14A6322BF}"
EndProject
Project("{FAE04EC0-301F-11D3-BF4B-00C04F79EFBC}") = "DropBoxClientServiceConsoleApp", "DropBoxService\GojiDropBoxClientServiceConsoleApp\DropBoxClientServiceConsoleApp.csproj", "{3FF61B2D-5457-4F56-B381-35E6B7695ED9}"
EndProject
Project("{FAE04EC0-301F-11D3-BF4B-00C04F79EFBC}") = "DropBoxServiceCompressApp", "DropBoxService\GojiDropBoxServiceCompressApp\DropBoxServiceCompressApp.csproj", "{6A3F05B0-9CBA-4106-8D57-F1DAB298EB34}"
EndProject
Project("{FAE04EC0-301F-11D3-BF4B-00C04F79EFBC}") = "DropBoxServiceCompressFiles", "DropBoxService\GojiDropBoxServiceCompressFiles\DropBoxServiceCompressFiles.csproj", "{27F53036-8FBE-497F-9E7B-FB94ACA8D2BA}"
EndProject
Project("{FAE04EC0-301F-11D3-BF4B-00C04F79EFBC}") = "DropBoxServiceInstaller", "DropBoxService\GojiDropBoxServiceInstaller\DropBoxServiceInstaller.csproj", "{C7098E08-6559-4CDA-8FE6-F364AFF0AE7A}"
EndProject
Project("{FAE04EC0-301F-11D3-BF4B-00C04F79EFBC}") = "DropboxAppSample", "DropboxAppSample\DropboxAppSample.csproj", "{58AFDDFE-5258-4D3A-BEEB-7188A531D0BA}"
EndProject
Global
	GlobalSection(SolutionConfigurationPlatforms) = preSolution
		Debug|Any CPU = Debug|Any CPU
		Debug|Mixed Platforms = Debug|Mixed Platforms
		Debug|x86 = Debug|x86
		Release|Any CPU = Release|Any CPU
		Release|Mixed Platforms = Release|Mixed Platforms
		Release|x86 = Release|x86
	EndGlobalSection
	GlobalSection(ProjectConfigurationPlatforms) = postSolution
		{09C6E6DC-AFF9-481A-8FC5-7D5C17139D44}.Debug|Any CPU.ActiveCfg = Debug|Any CPU
		{09C6E6DC-AFF9-481A-8FC5-7D5C17139D44}.Debug|Any CPU.Build.0 = Debug|Any CPU
		{09C6E6DC-AFF9-481A-8FC5-7D5C17139D44}.Debug|Mixed Platforms.ActiveCfg = Debug|Any CPU
		{09C6E6DC-AFF9-481A-8FC5-7D5C17139D44}.Debug|Mixed Platforms.Build.0 = Debug|Any CPU
		{09C6E6DC-AFF9-481A-8FC5-7D5C17139D44}.Debug|x86.ActiveCfg = Debug|Any CPU
		{09C6E6DC-AFF9-481A-8FC5-7D5C17139D44}.Release|Any CPU.ActiveCfg = Release|Any CPU
		{09C6E6DC-AFF9-481A-8FC5-7D5C17139D44}.Release|Any CPU.Build.0 = Release|Any CPU
		{09C6E6DC-AFF9-481A-8FC5-7D5C17139D44}.Release|Mixed Platforms.ActiveCfg = Release|Any CPU
		{09C6E6DC-AFF9-481A-8FC5-7D5C17139D44}.Release|Mixed Platforms.Build.0 = Release|Any CPU
		{09C6E6DC-AFF9-481A-8FC5-7D5C17139D44}.Release|x86.ActiveCfg = Release|Any CPU
		{2B59BC62-280A-4415-9E06-7ECFC0CE371E}.Debug|Any CPU.ActiveCfg = Debug|Any CPU
		{2B59BC62-280A-4415-9E06-7ECFC0CE371E}.Debug|Any CPU.Build.0 = Debug|Any CPU
		{2B59BC62-280A-4415-9E06-7ECFC0CE371E}.Debug|Mixed Platforms.ActiveCfg = Debug|Any CPU
		{2B59BC62-280A-4415-9E06-7ECFC0CE371E}.Debug|Mixed Platforms.Build.0 = Debug|Any CPU
		{2B59BC62-280A-4415-9E06-7ECFC0CE371E}.Debug|x86.ActiveCfg = Debug|Any CPU
		{2B59BC62-280A-4415-9E06-7ECFC0CE371E}.Release|Any CPU.ActiveCfg = Release|Any CPU
		{2B59BC62-280A-4415-9E06-7ECFC0CE371E}.Release|Any CPU.Build.0 = Release|Any CPU
		{2B59BC62-280A-4415-9E06-7ECFC0CE371E}.Release|Mixed Platforms.ActiveCfg = Release|Any CPU
		{2B59BC62-280A-4415-9E06-7ECFC0CE371E}.Release|Mixed Platforms.Build.0 = Release|Any CPU
		{2B59BC62-280A-4415-9E06-7ECFC0CE371E}.Release|x86.ActiveCfg = Release|Any CPU
		{93EC7D38-2B31-4F3A-92DF-0E7ED4C4CE24}.Debug|Any CPU.ActiveCfg = Debug|Any CPU
		{93EC7D38-2B31-4F3A-92DF-0E7ED4C4CE24}.Debug|Any CPU.Build.0 = Debug|Any CPU
		{93EC7D38-2B31-4F3A-92DF-0E7ED4C4CE24}.Debug|Mixed Platforms.ActiveCfg = Debug|Any CPU
		{93EC7D38-2B31-4F3A-92DF-0E7ED4C4CE24}.Debug|Mixed Platforms.Build.0 = Debug|Any CPU
		{93EC7D38-2B31-4F3A-92DF-0E7ED4C4CE24}.Debug|x86.ActiveCfg = Debug|Any CPU
		{93EC7D38-2B31-4F3A-92DF-0E7ED4C4CE24}.Release|Any CPU.ActiveCfg = Release|Any CPU
		{93EC7D38-2B31-4F3A-92DF-0E7ED4C4CE24}.Release|Any CPU.Build.0 = Release|Any CPU
		{93EC7D38-2B31-4F3A-92DF-0E7ED4C4CE24}.Release|Mixed Platforms.ActiveCfg = Release|Any CPU
		{93EC7D38-2B31-4F3A-92DF-0E7ED4C4CE24}.Release|Mixed Platforms.Build.0 = Release|Any CPU
		{93EC7D38-2B31-4F3A-92DF-0E7ED4C4CE24}.Release|x86.ActiveCfg = Release|Any CPU
		{FEDC101F-A455-4F13-84AA-59278725A44B}.Debug|Any CPU.ActiveCfg = Debug|Any CPU
		{FEDC101F-A455-4F13-84AA-59278725A44B}.Debug|Any CPU.Build.0 = Debug|Any CPU
		{FEDC101F-A455-4F13-84AA-59278725A44B}.Debug|Mixed Platforms.ActiveCfg = Debug|Any CPU
		{FEDC101F-A455-4F13-84AA-59278725A44B}.Debug|Mixed Platforms.Build.0 = Debug|Any CPU
		{FEDC101F-A455-4F13-84AA-59278725A44B}.Debug|x86.ActiveCfg = Debug|Any CPU
		{FEDC101F-A455-4F13-84AA-59278725A44B}.Release|Any CPU.ActiveCfg = Release|Any CPU
		{FEDC101F-A455-4F13-84AA-59278725A44B}.Release|Any CPU.Build.0 = Release|Any CPU
		{FEDC101F-A455-4F13-84AA-59278725A44B}.Release|Mixed Platforms.ActiveCfg = Release|Any CPU
		{FEDC101F-A455-4F13-84AA-59278725A44B}.Release|Mixed Platforms.Build.0 = Release|Any CPU
		{FEDC101F-A455-4F13-84AA-59278725A44B}.Release|x86.ActiveCfg = Release|Any CPU
		{EB94A293-ECBE-445D-9AA0-04934C691B58}.Debug|Any CPU.ActiveCfg = Debug|Any CPU
		{EB94A293-ECBE-445D-9AA0-04934C691B58}.Debug|Any CPU.Build.0 = Debug|Any CPU
		{EB94A293-ECBE-445D-9AA0-04934C691B58}.Debug|Mixed Platforms.ActiveCfg = Debug|Any CPU
		{EB94A293-ECBE-445D-9AA0-04934C691B58}.Debug|Mixed Platforms.Build.0 = Debug|Any CPU
		{EB94A293-ECBE-445D-9AA0-04934C691B58}.Debug|x86.ActiveCfg = Debug|Any CPU
		{EB94A293-ECBE-445D-9AA0-04934C691B58}.Release|Any CPU.ActiveCfg = Release|Any CPU
		{EB94A293-ECBE-445D-9AA0-04934C691B58}.Release|Any CPU.Build.0 = Release|Any CPU
		{EB94A293-ECBE-445D-9AA0-04934C691B58}.Release|Mixed Platforms.ActiveCfg = Release|Any CPU
		{EB94A293-ECBE-445D-9AA0-04934C691B58}.Release|Mixed Platforms.Build.0 = Release|Any CPU
		{EB94A293-ECBE-445D-9AA0-04934C691B58}.Release|x86.ActiveCfg = Release|Any CPU
		{F0A43041-D5FF-4182-9865-6BCA888BDC29}.Debug|Any CPU.ActiveCfg = Debug|Any CPU
		{F0A43041-D5FF-4182-9865-6BCA888BDC29}.Debug|Any CPU.Build.0 = Debug|Any CPU
		{F0A43041-D5FF-4182-9865-6BCA888BDC29}.Debug|Mixed Platforms.ActiveCfg = Debug|Any CPU
		{F0A43041-D5FF-4182-9865-6BCA888BDC29}.Debug|Mixed Platforms.Build.0 = Debug|Any CPU
		{F0A43041-D5FF-4182-9865-6BCA888BDC29}.Debug|x86.ActiveCfg = Debug|Any CPU
		{F0A43041-D5FF-4182-9865-6BCA888BDC29}.Release|Any CPU.ActiveCfg = Release|Any CPU
		{F0A43041-D5FF-4182-9865-6BCA888BDC29}.Release|Any CPU.Build.0 = Release|Any CPU
		{F0A43041-D5FF-4182-9865-6BCA888BDC29}.Release|Mixed Platforms.ActiveCfg = Release|Any CPU
		{F0A43041-D5FF-4182-9865-6BCA888BDC29}.Release|Mixed Platforms.Build.0 = Release|Any CPU
		{F0A43041-D5FF-4182-9865-6BCA888BDC29}.Release|x86.ActiveCfg = Release|Any CPU
		{A9420FFA-F3AE-4204-BCBB-EA4654AA51C7}.Debug|Any CPU.ActiveCfg = Debug|Any CPU
		{A9420FFA-F3AE-4204-BCBB-EA4654AA51C7}.Debug|Any CPU.Build.0 = Debug|Any CPU
		{A9420FFA-F3AE-4204-BCBB-EA4654AA51C7}.Debug|Mixed Platforms.ActiveCfg = Debug|Any CPU
		{A9420FFA-F3AE-4204-BCBB-EA4654AA51C7}.Debug|Mixed Platforms.Build.0 = Debug|Any CPU
		{A9420FFA-F3AE-4204-BCBB-EA4654AA51C7}.Debug|x86.ActiveCfg = Debug|Any CPU
		{A9420FFA-F3AE-4204-BCBB-EA4654AA51C7}.Release|Any CPU.ActiveCfg = Release|Any CPU
		{A9420FFA-F3AE-4204-BCBB-EA4654AA51C7}.Release|Any CPU.Build.0 = Release|Any CPU
		{A9420FFA-F3AE-4204-BCBB-EA4654AA51C7}.Release|Mixed Platforms.ActiveCfg = Release|Any CPU
		{A9420FFA-F3AE-4204-BCBB-EA4654AA51C7}.Release|Mixed Platforms.Build.0 = Release|Any CPU
		{A9420FFA-F3AE-4204-BCBB-EA4654AA51C7}.Release|x86.ActiveCfg = Release|Any CPU
		{2259C17C-898A-4FB1-863A-FAE734A10CBE}.Debug|Any CPU.ActiveCfg = Debug|Any CPU
		{2259C17C-898A-4FB1-863A-FAE734A10CBE}.Debug|Any CPU.Build.0 = Debug|Any CPU
		{2259C17C-898A-4FB1-863A-FAE734A10CBE}.Debug|Mixed Platforms.ActiveCfg = Debug|Any CPU
		{2259C17C-898A-4FB1-863A-FAE734A10CBE}.Debug|Mixed Platforms.Build.0 = Debug|Any CPU
		{2259C17C-898A-4FB1-863A-FAE734A10CBE}.Debug|x86.ActiveCfg = Debug|Any CPU
		{2259C17C-898A-4FB1-863A-FAE734A10CBE}.Release|Any CPU.ActiveCfg = Release|Any CPU
		{2259C17C-898A-4FB1-863A-FAE734A10CBE}.Release|Any CPU.Build.0 = Release|Any CPU
		{2259C17C-898A-4FB1-863A-FAE734A10CBE}.Release|Mixed Platforms.ActiveCfg = Release|Any CPU
		{2259C17C-898A-4FB1-863A-FAE734A10CBE}.Release|Mixed Platforms.Build.0 = Release|Any CPU
		{2259C17C-898A-4FB1-863A-FAE734A10CBE}.Release|x86.ActiveCfg = Release|Any CPU
		{F8DE84A7-111F-411A-8067-ED213BE2F46B}.Debug|Any CPU.ActiveCfg = Debug|Any CPU
		{F8DE84A7-111F-411A-8067-ED213BE2F46B}.Debug|Any CPU.Build.0 = Debug|Any CPU
		{F8DE84A7-111F-411A-8067-ED213BE2F46B}.Debug|Mixed Platforms.ActiveCfg = Debug|x86
		{F8DE84A7-111F-411A-8067-ED213BE2F46B}.Debug|Mixed Platforms.Build.0 = Debug|x86
		{F8DE84A7-111F-411A-8067-ED213BE2F46B}.Debug|x86.ActiveCfg = Debug|x86
		{F8DE84A7-111F-411A-8067-ED213BE2F46B}.Debug|x86.Build.0 = Debug|x86
		{F8DE84A7-111F-411A-8067-ED213BE2F46B}.Release|Any CPU.ActiveCfg = Release|Any CPU
		{F8DE84A7-111F-411A-8067-ED213BE2F46B}.Release|Any CPU.Build.0 = Release|Any CPU
		{F8DE84A7-111F-411A-8067-ED213BE2F46B}.Release|Mixed Platforms.ActiveCfg = Release|x86
		{F8DE84A7-111F-411A-8067-ED213BE2F46B}.Release|Mixed Platforms.Build.0 = Release|x86
		{F8DE84A7-111F-411A-8067-ED213BE2F46B}.Release|x86.ActiveCfg = Release|x86
		{F8DE84A7-111F-411A-8067-ED213BE2F46B}.Release|x86.Build.0 = Release|x86
		{C2F1C65B-49AC-46AD-892C-AECA9AD9E1BB}.Debug|Any CPU.ActiveCfg = Debug|Any CPU
		{C2F1C65B-49AC-46AD-892C-AECA9AD9E1BB}.Debug|Any CPU.Build.0 = Debug|Any CPU
		{C2F1C65B-49AC-46AD-892C-AECA9AD9E1BB}.Debug|Mixed Platforms.ActiveCfg = Debug|Any CPU
		{C2F1C65B-49AC-46AD-892C-AECA9AD9E1BB}.Debug|Mixed Platforms.Build.0 = Debug|Any CPU
		{C2F1C65B-49AC-46AD-892C-AECA9AD9E1BB}.Debug|x86.ActiveCfg = Debug|Any CPU
		{C2F1C65B-49AC-46AD-892C-AECA9AD9E1BB}.Release|Any CPU.ActiveCfg = Release|Any CPU
		{C2F1C65B-49AC-46AD-892C-AECA9AD9E1BB}.Release|Any CPU.Build.0 = Release|Any CPU
		{C2F1C65B-49AC-46AD-892C-AECA9AD9E1BB}.Release|Mixed Platforms.ActiveCfg = Release|Any CPU
		{C2F1C65B-49AC-46AD-892C-AECA9AD9E1BB}.Release|Mixed Platforms.Build.0 = Release|Any CPU
		{C2F1C65B-49AC-46AD-892C-AECA9AD9E1BB}.Release|x86.ActiveCfg = Release|Any CPU
		{690E0F09-1D4F-41D0-A18E-F4A4F413D62D}.Debug|Any CPU.ActiveCfg = Debug|Any CPU
		{690E0F09-1D4F-41D0-A18E-F4A4F413D62D}.Debug|Any CPU.Build.0 = Debug|Any CPU
		{690E0F09-1D4F-41D0-A18E-F4A4F413D62D}.Debug|Mixed Platforms.ActiveCfg = Debug|Any CPU
		{690E0F09-1D4F-41D0-A18E-F4A4F413D62D}.Debug|Mixed Platforms.Build.0 = Debug|Any CPU
		{690E0F09-1D4F-41D0-A18E-F4A4F413D62D}.Debug|x86.ActiveCfg = Debug|Any CPU
		{690E0F09-1D4F-41D0-A18E-F4A4F413D62D}.Release|Any CPU.ActiveCfg = Release|Any CPU
		{690E0F09-1D4F-41D0-A18E-F4A4F413D62D}.Release|Any CPU.Build.0 = Release|Any CPU
		{690E0F09-1D4F-41D0-A18E-F4A4F413D62D}.Release|Mixed Platforms.ActiveCfg = Release|Any CPU
		{690E0F09-1D4F-41D0-A18E-F4A4F413D62D}.Release|Mixed Platforms.Build.0 = Release|Any CPU
		{690E0F09-1D4F-41D0-A18E-F4A4F413D62D}.Release|x86.ActiveCfg = Release|Any CPU
		{0786A517-B817-49D4-877B-7065060A502A}.Debug|Any CPU.ActiveCfg = Debug|Any CPU
		{0786A517-B817-49D4-877B-7065060A502A}.Debug|Any CPU.Build.0 = Debug|Any CPU
		{0786A517-B817-49D4-877B-7065060A502A}.Debug|Mixed Platforms.ActiveCfg = Debug|Any CPU
		{0786A517-B817-49D4-877B-7065060A502A}.Debug|Mixed Platforms.Build.0 = Debug|Any CPU
		{0786A517-B817-49D4-877B-7065060A502A}.Debug|x86.ActiveCfg = Debug|Any CPU
		{0786A517-B817-49D4-877B-7065060A502A}.Release|Any CPU.ActiveCfg = Release|Any CPU
		{0786A517-B817-49D4-877B-7065060A502A}.Release|Any CPU.Build.0 = Release|Any CPU
		{0786A517-B817-49D4-877B-7065060A502A}.Release|Mixed Platforms.ActiveCfg = Release|Any CPU
		{0786A517-B817-49D4-877B-7065060A502A}.Release|Mixed Platforms.Build.0 = Release|Any CPU
		{0786A517-B817-49D4-877B-7065060A502A}.Release|x86.ActiveCfg = Release|Any CPU
		{0C6C507B-40B7-4AAD-84FA-6D9D991533AA}.Debug|Any CPU.ActiveCfg = Debug|Any CPU
		{0C6C507B-40B7-4AAD-84FA-6D9D991533AA}.Debug|Any CPU.Build.0 = Debug|Any CPU
		{0C6C507B-40B7-4AAD-84FA-6D9D991533AA}.Debug|Mixed Platforms.ActiveCfg = Debug|Any CPU
		{0C6C507B-40B7-4AAD-84FA-6D9D991533AA}.Debug|Mixed Platforms.Build.0 = Debug|Any CPU
		{0C6C507B-40B7-4AAD-84FA-6D9D991533AA}.Debug|x86.ActiveCfg = Debug|Any CPU
		{0C6C507B-40B7-4AAD-84FA-6D9D991533AA}.Release|Any CPU.ActiveCfg = Release|Any CPU
		{0C6C507B-40B7-4AAD-84FA-6D9D991533AA}.Release|Any CPU.Build.0 = Release|Any CPU
		{0C6C507B-40B7-4AAD-84FA-6D9D991533AA}.Release|Mixed Platforms.ActiveCfg = Release|Any CPU
		{0C6C507B-40B7-4AAD-84FA-6D9D991533AA}.Release|Mixed Platforms.Build.0 = Release|Any CPU
		{0C6C507B-40B7-4AAD-84FA-6D9D991533AA}.Release|x86.ActiveCfg = Release|Any CPU
		{32AC06C5-C2BD-41F1-93F4-942EC214A164}.Debug|Any CPU.ActiveCfg = Debug|Any CPU
		{32AC06C5-C2BD-41F1-93F4-942EC214A164}.Debug|Any CPU.Build.0 = Debug|Any CPU
		{32AC06C5-C2BD-41F1-93F4-942EC214A164}.Debug|Mixed Platforms.ActiveCfg = Debug|Any CPU
		{32AC06C5-C2BD-41F1-93F4-942EC214A164}.Debug|Mixed Platforms.Build.0 = Debug|Any CPU
		{32AC06C5-C2BD-41F1-93F4-942EC214A164}.Debug|x86.ActiveCfg = Debug|Any CPU
		{32AC06C5-C2BD-41F1-93F4-942EC214A164}.Release|Any CPU.ActiveCfg = Release|Any CPU
		{32AC06C5-C2BD-41F1-93F4-942EC214A164}.Release|Any CPU.Build.0 = Release|Any CPU
		{32AC06C5-C2BD-41F1-93F4-942EC214A164}.Release|Mixed Platforms.ActiveCfg = Release|Any CPU
		{32AC06C5-C2BD-41F1-93F4-942EC214A164}.Release|Mixed Platforms.Build.0 = Release|Any CPU
		{32AC06C5-C2BD-41F1-93F4-942EC214A164}.Release|x86.ActiveCfg = Release|Any CPU
		{4BC14186-87DB-4787-9ADB-D57616A51D64}.Debug|Any CPU.ActiveCfg = Debug|Any CPU
		{4BC14186-87DB-4787-9ADB-D57616A51D64}.Debug|Any CPU.Build.0 = Debug|Any CPU
		{4BC14186-87DB-4787-9ADB-D57616A51D64}.Debug|Mixed Platforms.ActiveCfg = Debug|Any CPU
		{4BC14186-87DB-4787-9ADB-D57616A51D64}.Debug|Mixed Platforms.Build.0 = Debug|Any CPU
		{4BC14186-87DB-4787-9ADB-D57616A51D64}.Debug|x86.ActiveCfg = Debug|Any CPU
		{4BC14186-87DB-4787-9ADB-D57616A51D64}.Release|Any CPU.ActiveCfg = Release|Any CPU
		{4BC14186-87DB-4787-9ADB-D57616A51D64}.Release|Any CPU.Build.0 = Release|Any CPU
		{4BC14186-87DB-4787-9ADB-D57616A51D64}.Release|Mixed Platforms.ActiveCfg = Release|Any CPU
		{4BC14186-87DB-4787-9ADB-D57616A51D64}.Release|Mixed Platforms.Build.0 = Release|Any CPU
		{4BC14186-87DB-4787-9ADB-D57616A51D64}.Release|x86.ActiveCfg = Release|Any CPU
		{93BE3570-3310-47A1-AC96-57F5B7A76C96}.Debug|Any CPU.ActiveCfg = Debug|Any CPU
		{93BE3570-3310-47A1-AC96-57F5B7A76C96}.Debug|Any CPU.Build.0 = Debug|Any CPU
		{93BE3570-3310-47A1-AC96-57F5B7A76C96}.Debug|Mixed Platforms.ActiveCfg = Debug|x86
		{93BE3570-3310-47A1-AC96-57F5B7A76C96}.Debug|Mixed Platforms.Build.0 = Debug|x86
		{93BE3570-3310-47A1-AC96-57F5B7A76C96}.Debug|x86.ActiveCfg = Debug|x86
		{93BE3570-3310-47A1-AC96-57F5B7A76C96}.Debug|x86.Build.0 = Debug|x86
		{93BE3570-3310-47A1-AC96-57F5B7A76C96}.Release|Any CPU.ActiveCfg = Release|Any CPU
		{93BE3570-3310-47A1-AC96-57F5B7A76C96}.Release|Any CPU.Build.0 = Release|Any CPU
		{93BE3570-3310-47A1-AC96-57F5B7A76C96}.Release|Mixed Platforms.ActiveCfg = Release|x86
		{93BE3570-3310-47A1-AC96-57F5B7A76C96}.Release|Mixed Platforms.Build.0 = Release|x86
		{93BE3570-3310-47A1-AC96-57F5B7A76C96}.Release|x86.ActiveCfg = Release|x86
		{93BE3570-3310-47A1-AC96-57F5B7A76C96}.Release|x86.Build.0 = Release|x86
		{7C0F987C-4362-472A-B200-D62C862CCDF0}.Debug|Any CPU.ActiveCfg = Debug|Any CPU
		{7C0F987C-4362-472A-B200-D62C862CCDF0}.Debug|Any CPU.Build.0 = Debug|Any CPU
		{7C0F987C-4362-472A-B200-D62C862CCDF0}.Debug|Mixed Platforms.ActiveCfg = Debug|Any CPU
		{7C0F987C-4362-472A-B200-D62C862CCDF0}.Debug|Mixed Platforms.Build.0 = Debug|Any CPU
		{7C0F987C-4362-472A-B200-D62C862CCDF0}.Debug|x86.ActiveCfg = Debug|Any CPU
		{7C0F987C-4362-472A-B200-D62C862CCDF0}.Release|Any CPU.ActiveCfg = Release|Any CPU
		{7C0F987C-4362-472A-B200-D62C862CCDF0}.Release|Any CPU.Build.0 = Release|Any CPU
		{7C0F987C-4362-472A-B200-D62C862CCDF0}.Release|Mixed Platforms.ActiveCfg = Release|Any CPU
		{7C0F987C-4362-472A-B200-D62C862CCDF0}.Release|Mixed Platforms.Build.0 = Release|Any CPU
		{7C0F987C-4362-472A-B200-D62C862CCDF0}.Release|x86.ActiveCfg = Release|Any CPU
		{6270C15A-E690-49D4-8013-8830CB757A12}.Debug|Any CPU.ActiveCfg = Debug|Any CPU
		{6270C15A-E690-49D4-8013-8830CB757A12}.Debug|Any CPU.Build.0 = Debug|Any CPU
		{6270C15A-E690-49D4-8013-8830CB757A12}.Debug|Mixed Platforms.ActiveCfg = Debug|Any CPU
		{6270C15A-E690-49D4-8013-8830CB757A12}.Debug|Mixed Platforms.Build.0 = Debug|Any CPU
		{6270C15A-E690-49D4-8013-8830CB757A12}.Debug|x86.ActiveCfg = Debug|Any CPU
		{6270C15A-E690-49D4-8013-8830CB757A12}.Release|Any CPU.ActiveCfg = Release|Any CPU
		{6270C15A-E690-49D4-8013-8830CB757A12}.Release|Any CPU.Build.0 = Release|Any CPU
		{6270C15A-E690-49D4-8013-8830CB757A12}.Release|Mixed Platforms.ActiveCfg = Release|Any CPU
		{6270C15A-E690-49D4-8013-8830CB757A12}.Release|Mixed Platforms.Build.0 = Release|Any CPU
		{6270C15A-E690-49D4-8013-8830CB757A12}.Release|x86.ActiveCfg = Release|Any CPU
		{FC89C8C6-A1F4-4A17-A05B-83BAF9F6B471}.Debug|Any CPU.ActiveCfg = Debug|Any CPU
		{FC89C8C6-A1F4-4A17-A05B-83BAF9F6B471}.Debug|Any CPU.Build.0 = Debug|Any CPU
		{FC89C8C6-A1F4-4A17-A05B-83BAF9F6B471}.Debug|Mixed Platforms.ActiveCfg = Debug|Any CPU
		{FC89C8C6-A1F4-4A17-A05B-83BAF9F6B471}.Debug|Mixed Platforms.Build.0 = Debug|Any CPU
		{FC89C8C6-A1F4-4A17-A05B-83BAF9F6B471}.Debug|x86.ActiveCfg = Debug|Any CPU
		{FC89C8C6-A1F4-4A17-A05B-83BAF9F6B471}.Release|Any CPU.ActiveCfg = Release|Any CPU
		{FC89C8C6-A1F4-4A17-A05B-83BAF9F6B471}.Release|Any CPU.Build.0 = Release|Any CPU
		{FC89C8C6-A1F4-4A17-A05B-83BAF9F6B471}.Release|Mixed Platforms.ActiveCfg = Release|Any CPU
		{FC89C8C6-A1F4-4A17-A05B-83BAF9F6B471}.Release|Mixed Platforms.Build.0 = Release|Any CPU
		{FC89C8C6-A1F4-4A17-A05B-83BAF9F6B471}.Release|x86.ActiveCfg = Release|Any CPU
		{AD7FBDFF-DD45-416E-9698-D1AB480D5C5C}.Debug|Any CPU.ActiveCfg = Debug|Any CPU
		{AD7FBDFF-DD45-416E-9698-D1AB480D5C5C}.Debug|Any CPU.Build.0 = Debug|Any CPU
		{AD7FBDFF-DD45-416E-9698-D1AB480D5C5C}.Debug|Mixed Platforms.ActiveCfg = Debug|Any CPU
		{AD7FBDFF-DD45-416E-9698-D1AB480D5C5C}.Debug|Mixed Platforms.Build.0 = Debug|Any CPU
		{AD7FBDFF-DD45-416E-9698-D1AB480D5C5C}.Debug|x86.ActiveCfg = Debug|Any CPU
		{AD7FBDFF-DD45-416E-9698-D1AB480D5C5C}.Release|Any CPU.ActiveCfg = Release|Any CPU
		{AD7FBDFF-DD45-416E-9698-D1AB480D5C5C}.Release|Any CPU.Build.0 = Release|Any CPU
		{AD7FBDFF-DD45-416E-9698-D1AB480D5C5C}.Release|Mixed Platforms.ActiveCfg = Release|Any CPU
		{AD7FBDFF-DD45-416E-9698-D1AB480D5C5C}.Release|Mixed Platforms.Build.0 = Release|Any CPU
		{AD7FBDFF-DD45-416E-9698-D1AB480D5C5C}.Release|x86.ActiveCfg = Release|Any CPU
		{FD3FF9F9-1664-40EA-8218-BF2D71D69C05}.Debug|Any CPU.ActiveCfg = Debug|Any CPU
		{FD3FF9F9-1664-40EA-8218-BF2D71D69C05}.Debug|Any CPU.Build.0 = Debug|Any CPU
		{FD3FF9F9-1664-40EA-8218-BF2D71D69C05}.Debug|Mixed Platforms.ActiveCfg = Debug|Any CPU
		{FD3FF9F9-1664-40EA-8218-BF2D71D69C05}.Debug|Mixed Platforms.Build.0 = Debug|Any CPU
		{FD3FF9F9-1664-40EA-8218-BF2D71D69C05}.Debug|x86.ActiveCfg = Debug|Any CPU
		{FD3FF9F9-1664-40EA-8218-BF2D71D69C05}.Release|Any CPU.ActiveCfg = Release|Any CPU
		{FD3FF9F9-1664-40EA-8218-BF2D71D69C05}.Release|Any CPU.Build.0 = Release|Any CPU
		{FD3FF9F9-1664-40EA-8218-BF2D71D69C05}.Release|Mixed Platforms.ActiveCfg = Release|Any CPU
		{FD3FF9F9-1664-40EA-8218-BF2D71D69C05}.Release|Mixed Platforms.Build.0 = Release|Any CPU
		{FD3FF9F9-1664-40EA-8218-BF2D71D69C05}.Release|x86.ActiveCfg = Release|Any CPU
		{F8D1C67D-A31D-4E16-B831-14180316AA67}.Debug|Any CPU.ActiveCfg = Debug|Any CPU
		{F8D1C67D-A31D-4E16-B831-14180316AA67}.Debug|Any CPU.Build.0 = Debug|Any CPU
		{F8D1C67D-A31D-4E16-B831-14180316AA67}.Debug|Mixed Platforms.ActiveCfg = Debug|Any CPU
		{F8D1C67D-A31D-4E16-B831-14180316AA67}.Debug|Mixed Platforms.Build.0 = Debug|Any CPU
		{F8D1C67D-A31D-4E16-B831-14180316AA67}.Debug|x86.ActiveCfg = Debug|Any CPU
		{F8D1C67D-A31D-4E16-B831-14180316AA67}.Release|Any CPU.ActiveCfg = Release|Any CPU
		{F8D1C67D-A31D-4E16-B831-14180316AA67}.Release|Any CPU.Build.0 = Release|Any CPU
		{F8D1C67D-A31D-4E16-B831-14180316AA67}.Release|Mixed Platforms.ActiveCfg = Release|Any CPU
		{F8D1C67D-A31D-4E16-B831-14180316AA67}.Release|Mixed Platforms.Build.0 = Release|Any CPU
		{F8D1C67D-A31D-4E16-B831-14180316AA67}.Release|x86.ActiveCfg = Release|Any CPU
		{0357B25D-7F29-4CBD-930B-5571D15B9969}.Debug|Any CPU.ActiveCfg = Debug|Any CPU
		{0357B25D-7F29-4CBD-930B-5571D15B9969}.Debug|Any CPU.Build.0 = Debug|Any CPU
		{0357B25D-7F29-4CBD-930B-5571D15B9969}.Debug|Mixed Platforms.ActiveCfg = Debug|Any CPU
		{0357B25D-7F29-4CBD-930B-5571D15B9969}.Debug|Mixed Platforms.Build.0 = Debug|Any CPU
		{0357B25D-7F29-4CBD-930B-5571D15B9969}.Debug|x86.ActiveCfg = Debug|Any CPU
		{0357B25D-7F29-4CBD-930B-5571D15B9969}.Release|Any CPU.ActiveCfg = Release|Any CPU
		{0357B25D-7F29-4CBD-930B-5571D15B9969}.Release|Any CPU.Build.0 = Release|Any CPU
		{0357B25D-7F29-4CBD-930B-5571D15B9969}.Release|Mixed Platforms.ActiveCfg = Release|Any CPU
		{0357B25D-7F29-4CBD-930B-5571D15B9969}.Release|Mixed Platforms.Build.0 = Release|Any CPU
		{0357B25D-7F29-4CBD-930B-5571D15B9969}.Release|x86.ActiveCfg = Release|Any CPU
		{84BBED6F-3F3D-475D-85D7-0779BBE69450}.Debug|Any CPU.ActiveCfg = Debug|Any CPU
		{84BBED6F-3F3D-475D-85D7-0779BBE69450}.Debug|Any CPU.Build.0 = Debug|Any CPU
		{84BBED6F-3F3D-475D-85D7-0779BBE69450}.Debug|Mixed Platforms.ActiveCfg = Debug|Any CPU
		{84BBED6F-3F3D-475D-85D7-0779BBE69450}.Debug|Mixed Platforms.Build.0 = Debug|Any CPU
		{84BBED6F-3F3D-475D-85D7-0779BBE69450}.Debug|x86.ActiveCfg = Debug|Any CPU
		{84BBED6F-3F3D-475D-85D7-0779BBE69450}.Release|Any CPU.ActiveCfg = Release|Any CPU
		{84BBED6F-3F3D-475D-85D7-0779BBE69450}.Release|Any CPU.Build.0 = Release|Any CPU
		{84BBED6F-3F3D-475D-85D7-0779BBE69450}.Release|Mixed Platforms.ActiveCfg = Release|Any CPU
		{84BBED6F-3F3D-475D-85D7-0779BBE69450}.Release|Mixed Platforms.Build.0 = Release|Any CPU
		{84BBED6F-3F3D-475D-85D7-0779BBE69450}.Release|x86.ActiveCfg = Release|Any CPU
		{A6518FA4-7036-4A21-9946-5AA14A6322BF}.Debug|Any CPU.ActiveCfg = Debug|Any CPU
		{A6518FA4-7036-4A21-9946-5AA14A6322BF}.Debug|Any CPU.Build.0 = Debug|Any CPU
		{A6518FA4-7036-4A21-9946-5AA14A6322BF}.Debug|Mixed Platforms.ActiveCfg = Debug|Any CPU
		{A6518FA4-7036-4A21-9946-5AA14A6322BF}.Debug|Mixed Platforms.Build.0 = Debug|Any CPU
		{A6518FA4-7036-4A21-9946-5AA14A6322BF}.Debug|x86.ActiveCfg = Debug|Any CPU
		{A6518FA4-7036-4A21-9946-5AA14A6322BF}.Release|Any CPU.ActiveCfg = Release|Any CPU
		{A6518FA4-7036-4A21-9946-5AA14A6322BF}.Release|Any CPU.Build.0 = Release|Any CPU
		{A6518FA4-7036-4A21-9946-5AA14A6322BF}.Release|Mixed Platforms.ActiveCfg = Release|Any CPU
		{A6518FA4-7036-4A21-9946-5AA14A6322BF}.Release|Mixed Platforms.Build.0 = Release|Any CPU
		{A6518FA4-7036-4A21-9946-5AA14A6322BF}.Release|x86.ActiveCfg = Release|Any CPU
		{3FF61B2D-5457-4F56-B381-35E6B7695ED9}.Debug|Any CPU.ActiveCfg = Debug|Any CPU
		{3FF61B2D-5457-4F56-B381-35E6B7695ED9}.Debug|Any CPU.Build.0 = Debug|Any CPU
		{3FF61B2D-5457-4F56-B381-35E6B7695ED9}.Debug|Mixed Platforms.ActiveCfg = Debug|Any CPU
		{3FF61B2D-5457-4F56-B381-35E6B7695ED9}.Debug|Mixed Platforms.Build.0 = Debug|Any CPU
		{3FF61B2D-5457-4F56-B381-35E6B7695ED9}.Debug|x86.ActiveCfg = Debug|Any CPU
		{3FF61B2D-5457-4F56-B381-35E6B7695ED9}.Release|Any CPU.ActiveCfg = Release|Any CPU
		{3FF61B2D-5457-4F56-B381-35E6B7695ED9}.Release|Any CPU.Build.0 = Release|Any CPU
		{3FF61B2D-5457-4F56-B381-35E6B7695ED9}.Release|Mixed Platforms.ActiveCfg = Release|Any CPU
		{3FF61B2D-5457-4F56-B381-35E6B7695ED9}.Release|Mixed Platforms.Build.0 = Release|Any CPU
		{3FF61B2D-5457-4F56-B381-35E6B7695ED9}.Release|x86.ActiveCfg = Release|Any CPU
		{6A3F05B0-9CBA-4106-8D57-F1DAB298EB34}.Debug|Any CPU.ActiveCfg = Debug|Any CPU
		{6A3F05B0-9CBA-4106-8D57-F1DAB298EB34}.Debug|Any CPU.Build.0 = Debug|Any CPU
		{6A3F05B0-9CBA-4106-8D57-F1DAB298EB34}.Debug|Mixed Platforms.ActiveCfg = Debug|x86
		{6A3F05B0-9CBA-4106-8D57-F1DAB298EB34}.Debug|Mixed Platforms.Build.0 = Debug|x86
		{6A3F05B0-9CBA-4106-8D57-F1DAB298EB34}.Debug|x86.ActiveCfg = Debug|x86
		{6A3F05B0-9CBA-4106-8D57-F1DAB298EB34}.Debug|x86.Build.0 = Debug|x86
		{6A3F05B0-9CBA-4106-8D57-F1DAB298EB34}.Release|Any CPU.ActiveCfg = Release|Any CPU
		{6A3F05B0-9CBA-4106-8D57-F1DAB298EB34}.Release|Any CPU.Build.0 = Release|Any CPU
		{6A3F05B0-9CBA-4106-8D57-F1DAB298EB34}.Release|Mixed Platforms.ActiveCfg = Release|x86
		{6A3F05B0-9CBA-4106-8D57-F1DAB298EB34}.Release|Mixed Platforms.Build.0 = Release|x86
		{6A3F05B0-9CBA-4106-8D57-F1DAB298EB34}.Release|x86.ActiveCfg = Release|x86
		{6A3F05B0-9CBA-4106-8D57-F1DAB298EB34}.Release|x86.Build.0 = Release|x86
		{27F53036-8FBE-497F-9E7B-FB94ACA8D2BA}.Debug|Any CPU.ActiveCfg = Debug|Any CPU
		{27F53036-8FBE-497F-9E7B-FB94ACA8D2BA}.Debug|Any CPU.Build.0 = Debug|Any CPU
		{27F53036-8FBE-497F-9E7B-FB94ACA8D2BA}.Debug|Mixed Platforms.ActiveCfg = Debug|Any CPU
		{27F53036-8FBE-497F-9E7B-FB94ACA8D2BA}.Debug|Mixed Platforms.Build.0 = Debug|Any CPU
		{27F53036-8FBE-497F-9E7B-FB94ACA8D2BA}.Debug|x86.ActiveCfg = Debug|Any CPU
		{27F53036-8FBE-497F-9E7B-FB94ACA8D2BA}.Release|Any CPU.ActiveCfg = Release|Any CPU
		{27F53036-8FBE-497F-9E7B-FB94ACA8D2BA}.Release|Any CPU.Build.0 = Release|Any CPU
		{27F53036-8FBE-497F-9E7B-FB94ACA8D2BA}.Release|Mixed Platforms.ActiveCfg = Release|Any CPU
		{27F53036-8FBE-497F-9E7B-FB94ACA8D2BA}.Release|Mixed Platforms.Build.0 = Release|Any CPU
		{27F53036-8FBE-497F-9E7B-FB94ACA8D2BA}.Release|x86.ActiveCfg = Release|Any CPU
		{C7098E08-6559-4CDA-8FE6-F364AFF0AE7A}.Debug|Any CPU.ActiveCfg = Debug|Any CPU
		{C7098E08-6559-4CDA-8FE6-F364AFF0AE7A}.Debug|Any CPU.Build.0 = Debug|Any CPU
		{C7098E08-6559-4CDA-8FE6-F364AFF0AE7A}.Debug|Mixed Platforms.ActiveCfg = Debug|Any CPU
		{C7098E08-6559-4CDA-8FE6-F364AFF0AE7A}.Debug|Mixed Platforms.Build.0 = Debug|Any CPU
		{C7098E08-6559-4CDA-8FE6-F364AFF0AE7A}.Debug|x86.ActiveCfg = Debug|Any CPU
		{C7098E08-6559-4CDA-8FE6-F364AFF0AE7A}.Release|Any CPU.ActiveCfg = Release|Any CPU
		{C7098E08-6559-4CDA-8FE6-F364AFF0AE7A}.Release|Any CPU.Build.0 = Release|Any CPU
		{C7098E08-6559-4CDA-8FE6-F364AFF0AE7A}.Release|Mixed Platforms.ActiveCfg = Release|Any CPU
		{C7098E08-6559-4CDA-8FE6-F364AFF0AE7A}.Release|Mixed Platforms.Build.0 = Release|Any CPU
		{C7098E08-6559-4CDA-8FE6-F364AFF0AE7A}.Release|x86.ActiveCfg = Release|Any CPU
		{58AFDDFE-5258-4D3A-BEEB-7188A531D0BA}.Debug|Any CPU.ActiveCfg = Debug|x86
		{58AFDDFE-5258-4D3A-BEEB-7188A531D0BA}.Debug|Mixed Platforms.ActiveCfg = Debug|x86
		{58AFDDFE-5258-4D3A-BEEB-7188A531D0BA}.Debug|Mixed Platforms.Build.0 = Debug|x86
		{58AFDDFE-5258-4D3A-BEEB-7188A531D0BA}.Debug|x86.ActiveCfg = Debug|x86
		{58AFDDFE-5258-4D3A-BEEB-7188A531D0BA}.Debug|x86.Build.0 = Debug|x86
		{58AFDDFE-5258-4D3A-BEEB-7188A531D0BA}.Release|Any CPU.ActiveCfg = Release|x86
		{58AFDDFE-5258-4D3A-BEEB-7188A531D0BA}.Release|Mixed Platforms.ActiveCfg = Release|x86
		{58AFDDFE-5258-4D3A-BEEB-7188A531D0BA}.Release|Mixed Platforms.Build.0 = Release|x86
		{58AFDDFE-5258-4D3A-BEEB-7188A531D0BA}.Release|x86.ActiveCfg = Release|x86
		{58AFDDFE-5258-4D3A-BEEB-7188A531D0BA}.Release|x86.Build.0 = Release|x86
	EndGlobalSection
	GlobalSection(SolutionProperties) = preSolution
		HideSolutionNode = FALSE
	EndGlobalSection
	GlobalSection(NestedProjects) = preSolution
		{FEDC101F-A455-4F13-84AA-59278725A44B} = {AD61CEF0-CF86-41C7-9987-9DADEC28CFBF}
		{EB94A293-ECBE-445D-9AA0-04934C691B58} = {AD61CEF0-CF86-41C7-9987-9DADEC28CFBF}
		{F0A43041-D5FF-4182-9865-6BCA888BDC29} = {AD61CEF0-CF86-41C7-9987-9DADEC28CFBF}
		{A9420FFA-F3AE-4204-BCBB-EA4654AA51C7} = {AD61CEF0-CF86-41C7-9987-9DADEC28CFBF}
		{2259C17C-898A-4FB1-863A-FAE734A10CBE} = {AD61CEF0-CF86-41C7-9987-9DADEC28CFBF}
		{9351A119-0358-4BD9-8338-9EEECA4A64DE} = {AD61CEF0-CF86-41C7-9987-9DADEC28CFBF}
		{F8DE84A7-111F-411A-8067-ED213BE2F46B} = {9351A119-0358-4BD9-8338-9EEECA4A64DE}
		{C2F1C65B-49AC-46AD-892C-AECA9AD9E1BB} = {9351A119-0358-4BD9-8338-9EEECA4A64DE}
		{690E0F09-1D4F-41D0-A18E-F4A4F413D62D} = {9351A119-0358-4BD9-8338-9EEECA4A64DE}
		{0786A517-B817-49D4-877B-7065060A502A} = {220A0B5E-D9BA-4D21-BA33-C16BD5A97FF5}
		{0C6C507B-40B7-4AAD-84FA-6D9D991533AA} = {220A0B5E-D9BA-4D21-BA33-C16BD5A97FF5}
		{98353817-10FE-444C-8D57-1C42510FAF25} = {220A0B5E-D9BA-4D21-BA33-C16BD5A97FF5}
		{32AC06C5-C2BD-41F1-93F4-942EC214A164} = {98353817-10FE-444C-8D57-1C42510FAF25}
		{4BC14186-87DB-4787-9ADB-D57616A51D64} = {98353817-10FE-444C-8D57-1C42510FAF25}
		{93BE3570-3310-47A1-AC96-57F5B7A76C96} = {98353817-10FE-444C-8D57-1C42510FAF25}
		{7C0F987C-4362-472A-B200-D62C862CCDF0} = {F065D739-7418-4A13-BAFF-D8B3689C10D4}
		{6270C15A-E690-49D4-8013-8830CB757A12} = {F065D739-7418-4A13-BAFF-D8B3689C10D4}
		{FC89C8C6-A1F4-4A17-A05B-83BAF9F6B471} = {F065D739-7418-4A13-BAFF-D8B3689C10D4}
		{A6518FA4-7036-4A21-9946-5AA14A6322BF} = {3967883E-9F5E-4A65-AC38-5418C3F9C3B8}
		{3FF61B2D-5457-4F56-B381-35E6B7695ED9} = {3967883E-9F5E-4A65-AC38-5418C3F9C3B8}
		{6A3F05B0-9CBA-4106-8D57-F1DAB298EB34} = {3967883E-9F5E-4A65-AC38-5418C3F9C3B8}
		{27F53036-8FBE-497F-9E7B-FB94ACA8D2BA} = {3967883E-9F5E-4A65-AC38-5418C3F9C3B8}
		{C7098E08-6559-4CDA-8FE6-F364AFF0AE7A} = {3967883E-9F5E-4A65-AC38-5418C3F9C3B8}
		{58AFDDFE-5258-4D3A-BEEB-7188A531D0BA} = {3967883E-9F5E-4A65-AC38-5418C3F9C3B8}
	EndGlobalSection
EndGlobal
